// !$*UTF8*$!
{
	archiveVersion = 1;
	classes = {
	};
	objectVersion = 46;
	objects = {

/* Begin PBXBuildFile section */
		7BA68FC718280F530048327A /* Foundation.framework in Frameworks */ = {isa = PBXBuildFile; fileRef = 7BA68FC618280F530048327A /* Foundation.framework */; };
		7BA68FC918280F530048327A /* CoreGraphics.framework in Frameworks */ = {isa = PBXBuildFile; fileRef = 7BA68FC818280F530048327A /* CoreGraphics.framework */; };
		7BA68FCB18280F530048327A /* UIKit.framework in Frameworks */ = {isa = PBXBuildFile; fileRef = 7BA68FCA18280F530048327A /* UIKit.framework */; };
		7BA68FD118280F530048327A /* InfoPlist.strings in Resources */ = {isa = PBXBuildFile; fileRef = 7BA68FCF18280F530048327A /* InfoPlist.strings */; };
		7BA68FD318280F530048327A /* main.m in Sources */ = {isa = PBXBuildFile; fileRef = 7BA68FD218280F530048327A /* main.m */; };
		7BA68FD718280F530048327A /* LIYAppDelegate.m in Sources */ = {isa = PBXBuildFile; fileRef = 7BA68FD618280F530048327A /* LIYAppDelegate.m */; };
		7BA68FDA18280F530048327A /* Main.storyboard in Resources */ = {isa = PBXBuildFile; fileRef = 7BA68FD818280F530048327A /* Main.storyboard */; };
		7BA68FDD18280F530048327A /* LIYMasterViewController.m in Sources */ = {isa = PBXBuildFile; fileRef = 7BA68FDC18280F530048327A /* LIYMasterViewController.m */; };
		7BA68FE018280F530048327A /* LIYDetailViewController.m in Sources */ = {isa = PBXBuildFile; fileRef = 7BA68FDF18280F530048327A /* LIYDetailViewController.m */; };
		7BA68FE218280F530048327A /* Images.xcassets in Resources */ = {isa = PBXBuildFile; fileRef = 7BA68FE118280F530048327A /* Images.xcassets */; };
		7BA68FE918280F530048327A /* XCTest.framework in Frameworks */ = {isa = PBXBuildFile; fileRef = 7BA68FE818280F530048327A /* XCTest.framework */; };
		7BA68FEA18280F530048327A /* Foundation.framework in Frameworks */ = {isa = PBXBuildFile; fileRef = 7BA68FC618280F530048327A /* Foundation.framework */; };
		7BA68FEB18280F530048327A /* UIKit.framework in Frameworks */ = {isa = PBXBuildFile; fileRef = 7BA68FCA18280F530048327A /* UIKit.framework */; };
		7BA68FF318280F530048327A /* InfoPlist.strings in Resources */ = {isa = PBXBuildFile; fileRef = 7BA68FF118280F530048327A /* InfoPlist.strings */; };
		7BA68FF518280F530048327A /* TestProjTests.m in Sources */ = {isa = PBXBuildFile; fileRef = 7BA68FF418280F530048327A /* TestProjTests.m */; };
/* End PBXBuildFile section */

/* Begin PBXContainerItemProxy section */
		7BA68FEC18280F530048327A /* PBXContainerItemProxy */ = {
			isa = PBXContainerItemProxy;
			containerPortal = 7BA68FBB18280F530048327A /* Project object */;
			proxyType = 1;
			remoteGlobalIDString = 7BA68FC218280F530048327A;
			remoteInfo = TestProj;
		};
/* End PBXContainerItemProxy section */

/* Begin PBXFileReference section */
		7BA68FC318280F530048327A /* TestProj.app */ = {isa = PBXFileReference; explicitFileType = wrapper.application; includeInIndex = 0; path = TestProj.app; sourceTree = BUILT_PRODUCTS_DIR; };
		7BA68FC618280F530048327A /* Foundation.framework */ = {isa = PBXFileReference; lastKnownFileType = wrapper.framework; name = Foundation.framework; path = System/Library/Frameworks/Foundation.framework; sourceTree = SDKROOT; };
		7BA68FC818280F530048327A /* CoreGraphics.framework */ = {isa = PBXFileReference; lastKnownFileType = wrapper.framework; name = CoreGraphics.framework; path = System/Library/Frameworks/CoreGraphics.framework; sourceTree = SDKROOT; };
		7BA68FCA18280F530048327A /* UIKit.framework */ = {isa = PBXFileReference; lastKnownFileType = wrapper.framework; name = UIKit.framework; path = System/Library/Frameworks/UIKit.framework; sourceTree = SDKROOT; };
		7BA68FCE18280F530048327A /* TestProj-Info.plist */ = {isa = PBXFileReference; lastKnownFileType = text.plist.xml; path = "TestProj-Info.plist"; sourceTree = "<group>"; };
		7BA68FD018280F530048327A /* en */ = {isa = PBXFileReference; lastKnownFileType = text.plist.strings; name = en; path = en.lproj/InfoPlist.strings; sourceTree = "<group>"; };
		7BA68FD218280F530048327A /* main.m */ = {isa = PBXFileReference; lastKnownFileType = sourcecode.c.objc; path = main.m; sourceTree = "<group>"; };
		7BA68FD418280F530048327A /* TestProj-Prefix.pch */ = {isa = PBXFileReference; lastKnownFileType = sourcecode.c.h; path = "TestProj-Prefix.pch"; sourceTree = "<group>"; };
		7BA68FD518280F530048327A /* LIYAppDelegate.h */ = {isa = PBXFileReference; lastKnownFileType = sourcecode.c.h; path = LIYAppDelegate.h; sourceTree = "<group>"; };
		7BA68FD618280F530048327A /* LIYAppDelegate.m */ = {isa = PBXFileReference; lastKnownFileType = sourcecode.c.objc; path = LIYAppDelegate.m; sourceTree = "<group>"; };
		7BA68FD918280F530048327A /* Base */ = {isa = PBXFileReference; lastKnownFileType = file.storyboard; name = Base; path = Base.lproj/Main.storyboard; sourceTree = "<group>"; };
		7BA68FDB18280F530048327A /* LIYMasterViewController.h */ = {isa = PBXFileReference; lastKnownFileType = sourcecode.c.h; path = LIYMasterViewController.h; sourceTree = "<group>"; };
		7BA68FDC18280F530048327A /* LIYMasterViewController.m */ = {isa = PBXFileReference; lastKnownFileType = sourcecode.c.objc; path = LIYMasterViewController.m; sourceTree = "<group>"; };
		7BA68FDE18280F530048327A /* LIYDetailViewController.h */ = {isa = PBXFileReference; lastKnownFileType = sourcecode.c.h; path = LIYDetailViewController.h; sourceTree = "<group>"; };
		7BA68FDF18280F530048327A /* LIYDetailViewController.m */ = {isa = PBXFileReference; lastKnownFileType = sourcecode.c.objc; path = LIYDetailViewController.m; sourceTree = "<group>"; };
		7BA68FE118280F530048327A /* Images.xcassets */ = {isa = PBXFileReference; lastKnownFileType = folder.assetcatalog; path = Images.xcassets; sourceTree = "<group>"; };
		7BA68FE718280F530048327A /* TestProjTests.xctest */ = {isa = PBXFileReference; explicitFileType = wrapper.cfbundle; includeInIndex = 0; path = TestProjTests.xctest; sourceTree = BUILT_PRODUCTS_DIR; };
		7BA68FE818280F530048327A /* XCTest.framework */ = {isa = PBXFileReference; lastKnownFileType = wrapper.framework; name = XCTest.framework; path = Library/Frameworks/XCTest.framework; sourceTree = DEVELOPER_DIR; };
		7BA68FF018280F530048327A /* TestProjTests-Info.plist */ = {isa = PBXFileReference; lastKnownFileType = text.plist.xml; path = "TestProjTests-Info.plist"; sourceTree = "<group>"; };
		7BA68FF218280F530048327A /* en */ = {isa = PBXFileReference; lastKnownFileType = text.plist.strings; name = en; path = en.lproj/InfoPlist.strings; sourceTree = "<group>"; };
		7BA68FF418280F530048327A /* TestProjTests.m */ = {isa = PBXFileReference; lastKnownFileType = sourcecode.c.objc; path = TestProjTests.m; sourceTree = "<group>"; };
/* End PBXFileReference section */

/* Begin PBXFrameworksBuildPhase section */
		7BA68FC018280F530048327A /* Frameworks */ = {
			isa = PBXFrameworksBuildPhase;
			buildActionMask = 2147483647;
			files = (
				7BA68FC918280F530048327A /* CoreGraphics.framework in Frameworks */,
				7BA68FCB18280F530048327A /* UIKit.framework in Frameworks */,
				7BA68FC718280F530048327A /* Foundation.framework in Frameworks */,
			);
			runOnlyForDeploymentPostprocessing = 0;
		};
		7BA68FE418280F530048327A /* Frameworks */ = {
			isa = PBXFrameworksBuildPhase;
			buildActionMask = 2147483647;
			files = (
				7BA68FE918280F530048327A /* XCTest.framework in Frameworks */,
				7BA68FEB18280F530048327A /* UIKit.framework in Frameworks */,
				7BA68FEA18280F530048327A /* Foundation.framework in Frameworks */,
			);
			runOnlyForDeploymentPostprocessing = 0;
		};
/* End PBXFrameworksBuildPhase section */

/* Begin PBXGroup section */
		7BA68FBA18280F530048327A = {
			isa = PBXGroup;
			children = (
				7BA68FCC18280F530048327A /* TestProj */,
				7BA68FEE18280F530048327A /* TestProjTests */,
				7BA68FC518280F530048327A /* Frameworks */,
				7BA68FC418280F530048327A /* Products */,
			);
			sourceTree = "<group>";
		};
		7BA68FC418280F530048327A /* Products */ = {
			isa = PBXGroup;
			children = (
				7BA68FC318280F530048327A /* TestProj.app */,
				7BA68FE718280F530048327A /* TestProjTests.xctest */,
			);
			name = Products;
			sourceTree = "<group>";
		};
		7BA68FC518280F530048327A /* Frameworks */ = {
			isa = PBXGroup;
			children = (
				7BA68FC618280F530048327A /* Foundation.framework */,
				7BA68FC818280F530048327A /* CoreGraphics.framework */,
				7BA68FCA18280F530048327A /* UIKit.framework */,
				7BA68FE818280F530048327A /* XCTest.framework */,
			);
			name = Frameworks;
			sourceTree = "<group>";
		};
		7BA68FCC18280F530048327A /* TestProj */ = {
			isa = PBXGroup;
			children = (
				7BA68FD518280F530048327A /* LIYAppDelegate.h */,
				7BA68FD618280F530048327A /* LIYAppDelegate.m */,
				7BA68FD818280F530048327A /* Main.storyboard */,
				7BA68FDB18280F530048327A /* LIYMasterViewController.h */,
				7BA68FDC18280F530048327A /* LIYMasterViewController.m */,
				7BA68FDE18280F530048327A /* LIYDetailViewController.h */,
				7BA68FDF18280F530048327A /* LIYDetailViewController.m */,
				7BA68FE118280F530048327A /* Images.xcassets */,
				7BA68FCD18280F530048327A /* Supporting Files */,
			);
			path = TestProj;
			sourceTree = "<group>";
		};
		7BA68FCD18280F530048327A /* Supporting Files */ = {
			isa = PBXGroup;
			children = (
				7BA68FCE18280F530048327A /* TestProj-Info.plist */,
				7BA68FCF18280F530048327A /* InfoPlist.strings */,
				7BA68FD218280F530048327A /* main.m */,
				7BA68FD418280F530048327A /* TestProj-Prefix.pch */,
			);
			name = "Supporting Files";
			sourceTree = "<group>";
		};
		7BA68FEE18280F530048327A /* TestProjTests */ = {
			isa = PBXGroup;
			children = (
				7BA68FF418280F530048327A /* TestProjTests.m */,
				7BA68FEF18280F530048327A /* Supporting Files */,
			);
			path = TestProjTests;
			sourceTree = "<group>";
		};
		7BA68FEF18280F530048327A /* Supporting Files */ = {
			isa = PBXGroup;
			children = (
				7BA68FF018280F530048327A /* TestProjTests-Info.plist */,
				7BA68FF118280F530048327A /* InfoPlist.strings */,
			);
			name = "Supporting Files";
			sourceTree = "<group>";
		};
/* End PBXGroup section */

/* Begin PBXNativeTarget section */
		7BA68FC218280F530048327A /* TestProj */ = {
			isa = PBXNativeTarget;
			buildConfigurationList = 7BA68FF818280F530048327A /* Build configuration list for PBXNativeTarget "TestProj" */;
			buildPhases = (
				7BA68FBF18280F530048327A /* Sources */,
				7BA68FC018280F530048327A /* Frameworks */,
				7BA68FC118280F530048327A /* Resources */,
			);
			buildRules = (
			);
			dependencies = (
			);
			name = TestProj;
			productName = TestProj;
			productReference = 7BA68FC318280F530048327A /* TestProj.app */;
			productType = "com.apple.product-type.application";
		};
		7BA68FE618280F530048327A /* TestProjTests */ = {
			isa = PBXNativeTarget;
			buildConfigurationList = 7BA68FFB18280F530048327A /* Build configuration list for PBXNativeTarget "TestProjTests" */;
			buildPhases = (
				7BA68FE318280F530048327A /* Sources */,
				7BA68FE418280F530048327A /* Frameworks */,
				7BA68FE518280F530048327A /* Resources */,
			);
			buildRules = (
			);
			dependencies = (
				7BA68FED18280F530048327A /* PBXTargetDependency */,
			);
			name = TestProjTests;
			productName = TestProjTests;
			productReference = 7BA68FE718280F530048327A /* TestProjTests.xctest */;
			productType = "com.apple.product-type.bundle.unit-test";
		};
/* End PBXNativeTarget section */

/* Begin PBXProject section */
		7BA68FBB18280F530048327A /* Project object */ = {
			isa = PBXProject;
			attributes = {
				CLASSPREFIX = LIY;
				LastUpgradeCheck = 0500;
				ORGANIZATIONNAME = "Jason Cheladyn";
				TargetAttributes = {
					7BA68FE618280F530048327A = {
						TestTargetID = 7BA68FC218280F530048327A;
					};
				};
			};
			buildConfigurationList = 7BA68FBE18280F530048327A /* Build configuration list for PBXProject "TestProj" */;
			compatibilityVersion = "Xcode 3.2";
			developmentRegion = English;
			hasScannedForEncodings = 0;
			knownRegions = (
				en,
				Base,
			);
			mainGroup = 7BA68FBA18280F530048327A;
			productRefGroup = 7BA68FC418280F530048327A /* Products */;
			projectDirPath = "";
			projectRoot = "";
			targets = (
				7BA68FC218280F530048327A /* TestProj */,
				7BA68FE618280F530048327A /* TestProjTests */,
			);
		};
/* End PBXProject section */

/* Begin PBXResourcesBuildPhase section */
		7BA68FC118280F530048327A /* Resources */ = {
			isa = PBXResourcesBuildPhase;
			buildActionMask = 2147483647;
			files = (
				7BA68FE218280F530048327A /* Images.xcassets in Resources */,
				7BA68FD118280F530048327A /* InfoPlist.strings in Resources */,
				7BA68FDA18280F530048327A /* Main.storyboard in Resources */,
			);
			runOnlyForDeploymentPostprocessing = 0;
		};
		7BA68FE518280F530048327A /* Resources */ = {
			isa = PBXResourcesBuildPhase;
			buildActionMask = 2147483647;
			files = (
				7BA68FF318280F530048327A /* InfoPlist.strings in Resources */,
			);
			runOnlyForDeploymentPostprocessing = 0;
		};
/* End PBXResourcesBuildPhase section */

/* Begin PBXSourcesBuildPhase section */
		7BA68FBF18280F530048327A /* Sources */ = {
			isa = PBXSourcesBuildPhase;
			buildActionMask = 2147483647;
			files = (
				7BA68FE018280F530048327A /* LIYDetailViewController.m in Sources */,
				7BA68FD318280F530048327A /* main.m in Sources */,
				7BA68FD718280F530048327A /* LIYAppDelegate.m in Sources */,
				7BA68FDD18280F530048327A /* LIYMasterViewController.m in Sources */,
			);
			runOnlyForDeploymentPostprocessing = 0;
		};
		7BA68FE318280F530048327A /* Sources */ = {
			isa = PBXSourcesBuildPhase;
			buildActionMask = 2147483647;
			files = (
				7BA68FF518280F530048327A /* TestProjTests.m in Sources */,
			);
			runOnlyForDeploymentPostprocessing = 0;
		};
/* End PBXSourcesBuildPhase section */

/* Begin PBXTargetDependency section */
		7BA68FED18280F530048327A /* PBXTargetDependency */ = {
			isa = PBXTargetDependency;
			target = 7BA68FC218280F530048327A /* TestProj */;
			targetProxy = 7BA68FEC18280F530048327A /* PBXContainerItemProxy */;
		};
/* End PBXTargetDependency section */

/* Begin PBXVariantGroup section */
		7BA68FCF18280F530048327A /* InfoPlist.strings */ = {
			isa = PBXVariantGroup;
			children = (
				7BA68FD018280F530048327A /* en */,
			);
			name = InfoPlist.strings;
			sourceTree = "<group>";
		};
		7BA68FD818280F530048327A /* Main.storyboard */ = {
			isa = PBXVariantGroup;
			children = (
				7BA68FD918280F530048327A /* Base */,
			);
			name = Main.storyboard;
			sourceTree = "<group>";
		};
		7BA68FF118280F530048327A /* InfoPlist.strings */ = {
			isa = PBXVariantGroup;
			children = (
				7BA68FF218280F530048327A /* en */,
			);
			name = InfoPlist.strings;
			sourceTree = "<group>";
		};
/* End PBXVariantGroup section */

/* Begin XCBuildConfiguration section */
		7BA68FF618280F530048327A /* Debug */ = {
			isa = XCBuildConfiguration;
			buildSettings = {
				ALWAYS_SEARCH_USER_PATHS = NO;
				ARCHS = "$(ARCHS_STANDARD_INCLUDING_64_BIT)";
				CLANG_CXX_LANGUAGE_STANDARD = "gnu++0x";
				CLANG_CXX_LIBRARY = "libc++";
				CLANG_ENABLE_MODULES = YES;
				CLANG_ENABLE_OBJC_ARC = YES;
				CLANG_WARN_BOOL_CONVERSION = YES;
				CLANG_WARN_CONSTANT_CONVERSION = YES;
				CLANG_WARN_DIRECT_OBJC_ISA_USAGE = YES_ERROR;
				CLANG_WARN_EMPTY_BODY = YES;
				CLANG_WARN_ENUM_CONVERSION = YES;
				CLANG_WARN_INT_CONVERSION = YES;
				CLANG_WARN_OBJC_ROOT_CLASS = YES_ERROR;
				CLANG_WARN__DUPLICATE_METHOD_MATCH = YES;
				"CODE_SIGN_IDENTITY[sdk=iphoneos*]" = "iPhone Developer";
				COPY_PHASE_STRIP = NO;
				GCC_C_LANGUAGE_STANDARD = gnu99;
				GCC_DYNAMIC_NO_PIC = NO;
				GCC_OPTIMIZATION_LEVEL = 0;
				GCC_PREPROCESSOR_DEFINITIONS = (
					"DEBUG=1",
					"$(inherited)",
				);
				GCC_SYMBOLS_PRIVATE_EXTERN = NO;
				GCC_WARN_64_TO_32_BIT_CONVERSION = YES;
				GCC_WARN_ABOUT_RETURN_TYPE = YES_ERROR;
				GCC_WARN_UNDECLARED_SELECTOR = YES;
				GCC_WARN_UNINITIALIZED_AUTOS = YES;
				GCC_WARN_UNUSED_FUNCTION = YES;
				GCC_WARN_UNUSED_VARIABLE = YES;
				IPHONEOS_DEPLOYMENT_TARGET = 7.0;
				ONLY_ACTIVE_ARCH = YES;
				SDKROOT = iphoneos;
			};
			name = Debug;
		};
		7BA68FF718280F530048327A /* Release */ = {
			isa = XCBuildConfiguration;
			buildSettings = {
				ALWAYS_SEARCH_USER_PATHS = NO;
				ARCHS = "$(ARCHS_STANDARD_INCLUDING_64_BIT)";
				CLANG_CXX_LANGUAGE_STANDARD = "gnu++0x";
				CLANG_CXX_LIBRARY = "libc++";
				CLANG_ENABLE_MODULES = YES;
				CLANG_ENABLE_OBJC_ARC = YES;
				CLANG_WARN_BOOL_CONVERSION = YES;
				CLANG_WARN_CONSTANT_CONVERSION = YES;
				CLANG_WARN_DIRECT_OBJC_ISA_USAGE = YES_ERROR;
				CLANG_WARN_EMPTY_BODY = YES;
				CLANG_WARN_ENUM_CONVERSION = YES;
				CLANG_WARN_INT_CONVERSION = YES;
				CLANG_WARN_OBJC_ROOT_CLASS = YES_ERROR;
				CLANG_WARN__DUPLICATE_METHOD_MATCH = YES;
				"CODE_SIGN_IDENTITY[sdk=iphoneos*]" = "iPhone Developer";
				COPY_PHASE_STRIP = YES;
				ENABLE_NS_ASSERTIONS = NO;
				GCC_C_LANGUAGE_STANDARD = gnu99;
				GCC_WARN_64_TO_32_BIT_CONVERSION = YES;
				GCC_WARN_ABOUT_RETURN_TYPE = YES_ERROR;
				GCC_WARN_UNDECLARED_SELECTOR = YES;
				GCC_WARN_UNINITIALIZED_AUTOS = YES;
				GCC_WARN_UNUSED_FUNCTION = YES;
				GCC_WARN_UNUSED_VARIABLE = YES;
				IPHONEOS_DEPLOYMENT_TARGET = 7.0;
				SDKROOT = iphoneos;
				VALIDATE_PRODUCT = YES;
			};
			name = Release;
		};
		7BA68FF918280F530048327A /* Debug */ = {
			isa = XCBuildConfiguration;
			buildSettings = {
				ASSETCATALOG_COMPILER_APPICON_NAME = AppIcon;
				ASSETCATALOG_COMPILER_LAUNCHIMAGE_NAME = LaunchImage;
				GCC_PRECOMPILE_PREFIX_HEADER = YES;
				GCC_PREFIX_HEADER = "TestProj/TestProj-Prefix.pch";
				INFOPLIST_FILE = "TestProj/TestProj-Info.plist";
				PRODUCT_NAME = "$(TARGET_NAME)";
				WRAPPER_EXTENSION = app;
			};
			name = Debug;
		};
		7BA68FFA18280F530048327A /* Release */ = {
			isa = XCBuildConfiguration;
			buildSettings = {
				ASSETCATALOG_COMPILER_APPICON_NAME = AppIcon;
				ASSETCATALOG_COMPILER_LAUNCHIMAGE_NAME = LaunchImage;
				GCC_PRECOMPILE_PREFIX_HEADER = YES;
				GCC_PREFIX_HEADER = "TestProj/TestProj-Prefix.pch";
				INFOPLIST_FILE = "TestProj/TestProj-Info.plist";
				PRODUCT_NAME = "$(TARGET_NAME)";
				WRAPPER_EXTENSION = app;
			};
			name = Release;
		};
		7BA68FFC18280F530048327A /* Debug */ = {
			isa = XCBuildConfiguration;
			buildSettings = {
				ARCHS = "$(ARCHS_STANDARD_INCLUDING_64_BIT)";
				BUNDLE_LOADER = "$(BUILT_PRODUCTS_DIR)/TestProj.app/TestProj";
				FRAMEWORK_SEARCH_PATHS = (
					"$(SDKROOT)/Developer/Library/Frameworks",
					"$(inherited)",
					"$(DEVELOPER_FRAMEWORKS_DIR)",
				);
				GCC_PRECOMPILE_PREFIX_HEADER = YES;
				GCC_PREFIX_HEADER = "TestProj/TestProj-Prefix.pch";
				GCC_PREPROCESSOR_DEFINITIONS = (
					"DEBUG=1",
					"$(inherited)",
				);
				INFOPLIST_FILE = "TestProjTests/TestProjTests-Info.plist";
				PRODUCT_NAME = "$(TARGET_NAME)";
				TEST_HOST = "$(BUNDLE_LOADER)";
				WRAPPER_EXTENSION = xctest;
			};
			name = Debug;
		};
		7BA68FFD18280F530048327A /* Release */ = {
			isa = XCBuildConfiguration;
			buildSettings = {
				ARCHS = "$(ARCHS_STANDARD_INCLUDING_64_BIT)";
				BUNDLE_LOADER = "$(BUILT_PRODUCTS_DIR)/TestProj.app/TestProj";
				FRAMEWORK_SEARCH_PATHS = (
					"$(SDKROOT)/Developer/Library/Frameworks",
					"$(inherited)",
					"$(DEVELOPER_FRAMEWORKS_DIR)",
				);
				GCC_PRECOMPILE_PREFIX_HEADER = YES;
				GCC_PREFIX_HEADER = "TestProj/TestProj-Prefix.pch";
				INFOPLIST_FILE = "TestProjTests/TestProjTests-Info.plist";
				PRODUCT_NAME = "$(TARGET_NAME)";
				TEST_HOST = "$(BUNDLE_LOADER)";
				WRAPPER_EXTENSION = xctest;
			};
			name = Release;
		};
/* End XCBuildConfiguration section */

/* Begin XCConfigurationList section */
		7BA68FBE18280F530048327A /* Build configuration list for PBXProject "TestProj" */ = {
			isa = XCConfigurationList;
			buildConfigurations = (
				7BA68FF618280F530048327A /* Debug */,
				7BA68FF718280F530048327A /* Release */,
			);
			defaultConfigurationIsVisible = 0;
			defaultConfigurationName = Release;
		};
		7BA68FF818280F530048327A /* Build configuration list for PBXNativeTarget "TestProj" */ = {
			isa = XCConfigurationList;
			buildConfigurations = (
				7BA68FF918280F530048327A /* Debug */,
				7BA68FFA18280F530048327A /* Release */,
			);
			defaultConfigurationIsVisible = 0;
		};
		7BA68FFB18280F530048327A /* Build configuration list for PBXNativeTarget "TestProjTests" */ = {
			isa = XCConfigurationList;
			buildConfigurations = (
				7BA68FFC18280F530048327A /* Debug */,
				7BA68FFD18280F530048327A /* Release */,
			);
			defaultConfigurationIsVisible = 0;
		};
/* End XCConfigurationList section */
	};
	rootObject = 7BA68FBB18280F530048327A /* Project object */;
}
